{
    "_meta": {
        "hash": {
            "sha256": "76b16017ee2ad0fea08ebf2b340f54bfff841631e520299b66e06490ae6f1f1e"
        },
        "pipfile-spec": 6,
        "requires": {
            "python_version": "3.7"
        },
        "sources": [
            {
                "name": "pypi",
                "url": "https://pypi.org/simple",
                "verify_ssl": true
            }
        ]
    },
    "default": {
        "betterpath": {
            "hashes": [
                "sha256:e8d04e884d404dae3e622248e1b9c4b80876e21cd1fbdd76fd50ee0d2cb26fe4"
            ],
            "version": "==0.2.2"
        },
        "certifi": {
            "hashes": [
                "sha256:e4f3620cfea4f83eedc95b24abd9cd56f3c4b146dd0177e83a21b4eb49e21e50",
                "sha256:fd7c7c74727ddcf00e9acd26bba8da604ffec95bf1c2144e67aff7a8b50e6cef"
            ],
            "version": "==2019.9.11"
        },
        "chardet": {
            "hashes": [
                "sha256:84ab92ed1c4d4f16916e05906b6b75a6c0fb5db821cc65e70cbd64a3e2a5eaae",
                "sha256:fc323ffcaeaed0e0a02bf4d117757b98aed530d9ed4531e3e15460124c106691"
            ],
            "version": "==3.0.4"
        },
        "click": {
            "hashes": [
                "sha256:2335065e6395b9e67ca716de5f7526736bfa6ceead690adf616d925bdc622b13",
                "sha256:5b94b49521f6456670fdb30cd82a4eca9412788a93fa6dd6df72c94d5a8ff2d7"
            ],
            "version": "==7.0"
        },
        "flask": {
            "hashes": [
                "sha256:13f9f196f330c7c2c5d7a5cf91af894110ca0215ac051b5844701f2bfd934d52",
                "sha256:45eb5a6fd193d6cf7e0cf5d8a5b31f83d5faae0293695626f539a823e93b13f6"
            ],
            "index": "pypi",
            "version": "==1.1.1"
        },
        "flask-cors": {
            "hashes": [
                "sha256:72170423eb4612f0847318afff8c247b38bd516b7737adfc10d1c2cdbb382d16",
                "sha256:f4d97201660e6bbcff2d89d082b5b6d31abee04b1b3003ee073a6fd25ad1d69a"
            ],
            "index": "pypi",
            "version": "==3.0.8"
        },
        "idna": {
            "hashes": [
                "sha256:c357b3f628cf53ae2c4c05627ecc484553142ca23264e593d327bcde5e9c3407",
                "sha256:ea8b7f6188e6fa117537c3df7da9fc686d485087abf6ac197f9c46432f7e4a3c"
            ],
            "version": "==2.8"
        },
        "itsdangerous": {
            "hashes": [
                "sha256:321b033d07f2a4136d3ec762eac9f16a10ccd60f53c0c91af90217ace7ba1f19",
                "sha256:b12271b2047cb23eeb98c8b5622e2e5c5e9abd9784a153e9d8ef9cb4dd09d749"
            ],
            "version": "==1.1.0"
        },
        "jinja2": {
            "hashes": [
                "sha256:74320bb91f31270f9551d46522e33af46a80c3d619f4a4bf42b3164d30b5911f",
                "sha256:9fe95f19286cfefaa917656583d020be14e7859c6b0252588391e47db34527de"
            ],
            "version": "==2.10.3"
        },
        "l": {
            "hashes": [
                "sha256:10c61e8253ed18af0de10b941c59f1588d5bc499229c0410dd4e18907d155d33",
                "sha256:1e1b00ea5a3c231ae36528c4193f1b2f1f2122987a3b59347ca205f90e048035",
                "sha256:8e4c3abe6e65d83c4aaab4fa6ced912fd4860b919986516aba85cbf8436acee2"
            ],
            "index": "pypi",
            "version": "==0.11.0"
        },
        "latexcodec": {
            "hashes": [
                "sha256:c937f0de93e077079da33684aee877d3cf7d9388740d3f4ffaa073cd5cdfb328",
                "sha256:ebc183904549b1514ffc29a8768c8b58dc45cb813b94df90bf19f4c7b01fd772"
            ],
            "version": "==1.0.7"
        },
        "markupsafe": {
            "hashes": [
                "sha256:00bc623926325b26bb9605ae9eae8a215691f33cae5df11ca5424f06f2d1f473",
                "sha256:09027a7803a62ca78792ad89403b1b7a73a01c8cb65909cd876f7fcebd79b161",
                "sha256:09c4b7f37d6c648cb13f9230d847adf22f8171b1ccc4d5682398e77f40309235",
                "sha256:1027c282dad077d0bae18be6794e6b6b8c91d58ed8a8d89a89d59693b9131db5",
                "sha256:24982cc2533820871eba85ba648cd53d8623687ff11cbb805be4ff7b4c971aff",
                "sha256:29872e92839765e546828bb7754a68c418d927cd064fd4708fab9fe9c8bb116b",
                "sha256:43a55c2930bbc139570ac2452adf3d70cdbb3cfe5912c71cdce1c2c6bbd9c5d1",
                "sha256:46c99d2de99945ec5cb54f23c8cd5689f6d7177305ebff350a58ce5f8de1669e",
                "sha256:500d4957e52ddc3351cabf489e79c91c17f6e0899158447047588650b5e69183",
                "sha256:535f6fc4d397c1563d08b88e485c3496cf5784e927af890fb3c3aac7f933ec66",
                "sha256:62fe6c95e3ec8a7fad637b7f3d372c15ec1caa01ab47926cfdf7a75b40e0eac1",
                "sha256:6dd73240d2af64df90aa7c4e7481e23825ea70af4b4922f8ede5b9e35f78a3b1",
                "sha256:717ba8fe3ae9cc0006d7c451f0bb265ee07739daf76355d06366154ee68d221e",
                "sha256:79855e1c5b8da654cf486b830bd42c06e8780cea587384cf6545b7d9ac013a0b",
                "sha256:7c1699dfe0cf8ff607dbdcc1e9b9af1755371f92a68f706051cc8c37d447c905",
                "sha256:88e5fcfb52ee7b911e8bb6d6aa2fd21fbecc674eadd44118a9cc3863f938e735",
                "sha256:8defac2f2ccd6805ebf65f5eeb132adcf2ab57aa11fdf4c0dd5169a004710e7d",
                "sha256:98c7086708b163d425c67c7a91bad6e466bb99d797aa64f965e9d25c12111a5e",
                "sha256:9add70b36c5666a2ed02b43b335fe19002ee5235efd4b8a89bfcf9005bebac0d",
                "sha256:9bf40443012702a1d2070043cb6291650a0841ece432556f784f004937f0f32c",
                "sha256:ade5e387d2ad0d7ebf59146cc00c8044acbd863725f887353a10df825fc8ae21",
                "sha256:b00c1de48212e4cc9603895652c5c410df699856a2853135b3967591e4beebc2",
                "sha256:b1282f8c00509d99fef04d8ba936b156d419be841854fe901d8ae224c59f0be5",
                "sha256:b2051432115498d3562c084a49bba65d97cf251f5a331c64a12ee7e04dacc51b",
                "sha256:ba59edeaa2fc6114428f1637ffff42da1e311e29382d81b339c1817d37ec93c6",
                "sha256:c8716a48d94b06bb3b2524c2b77e055fb313aeb4ea620c8dd03a105574ba704f",
                "sha256:cd5df75523866410809ca100dc9681e301e3c27567cf498077e8551b6d20e42f",
                "sha256:e249096428b3ae81b08327a63a485ad0878de3fb939049038579ac0ef61e17e7"
            ],
            "version": "==1.1.1"
        },
        "pybtex": {
            "hashes": [
                "sha256:00816e5f8570609d8ce3360cd23916bd3e50428a3508127578fdb4dc2b731c1c",
                "sha256:9ce2ce13d8d4f5a8d3848463f58167dbbbe75a53511f1088eaa6197637cdf8cf"
            ],
            "index": "pypi",
            "version": "==0.22.2"
        },
        "pypdf2": {
            "hashes": [
                "sha256:e28f902f2f0a1603ea95ebe21dff311ef09be3d0f0ef29a3e44a932729564385"
            ],
            "index": "pypi",
            "version": "==1.26.0"
        },
        "pyyaml": {
            "hashes": [
                "sha256:0113bc0ec2ad727182326b61326afa3d1d8280ae1122493553fd6f4397f33df9",
                "sha256:01adf0b6c6f61bd11af6e10ca52b7d4057dd0be0343eb9283c878cf3af56aee4",
                "sha256:5124373960b0b3f4aa7df1707e63e9f109b5263eca5976c66e08b1c552d4eaf8",
                "sha256:5ca4f10adbddae56d824b2c09668e91219bb178a1eee1faa56af6f99f11bf696",
                "sha256:7907be34ffa3c5a32b60b95f4d95ea25361c951383a894fec31be7252b2b6f34",
                "sha256:7ec9b2a4ed5cad025c2278a1e6a19c011c80a3caaac804fd2d329e9cc2c287c9",
                "sha256:87ae4c829bb25b9fe99cf71fbb2140c448f534e24c998cc60f39ae4f94396a73",
                "sha256:9de9919becc9cc2ff03637872a440195ac4241c80536632fffeb6a1e25a74299",
                "sha256:a5a85b10e450c66b49f98846937e8cfca1db3127a9d5d1e31ca45c3d0bef4c5b",
                "sha256:b0997827b4f6a7c286c01c5f60384d218dca4ed7d9efa945c3e1aa623d5709ae",
                "sha256:b631ef96d3222e62861443cc89d6563ba3eeb816eeb96b2629345ab795e53681",
                "sha256:bf47c0607522fdbca6c9e817a6e81b08491de50f3766a7a0e6a5be7905961b41",
                "sha256:f81025eddd0327c7d4cfe9b62cf33190e1e736cc6e97502b3ec425f574b3e7a8"
            ],
            "version": "==5.1.2"
        },
        "regex": {
            "hashes": [
                "sha256:15454b37c5a278f46f7aa2d9339bda450c300617ca2fca6558d05d870245edc7",
                "sha256:1ad40708c255943a227e778b022c6497c129ad614bb7a2a2f916e12e8a359ee7",
                "sha256:5e00f65cc507d13ab4dfa92c1232d004fa202c1d43a32a13940ab8a5afe2fb96",
                "sha256:604dc563a02a74d70ae1f55208ddc9bfb6d9f470f6d1a5054c4bd5ae58744ab1",
                "sha256:720e34a539a76a1fedcebe4397290604cc2bdf6f81eca44adb9fb2ea071c0c69",
                "sha256:7caf47e4a9ac6ef08cabd3442cc4ca3386db141fb3c8b2a7e202d0470028e910",
                "sha256:7faf534c1841c09d8fefa60ccde7b9903c9b528853ecf41628689793290ca143",
                "sha256:b4e0406d822aa4993ac45072a584d57aa4931cf8288b5455bbf30c1d59dbad59",
                "sha256:c31eaf28c6fe75ea329add0022efeed249e37861c19681960f99bbc7db981fb2",
                "sha256:c7393597191fc2043c744db021643549061e12abe0b3ff5c429d806de7b93b66",
                "sha256:d2b302f8cdd82c8f48e9de749d1d17f85ce9a0f082880b9a4859f66b07037dc6",
                "sha256:e3d8dd0ec0ea280cf89026b0898971f5750a7bd92cb62c51af5a52abd020054a",
                "sha256:ec032cbfed59bd5a4b8eab943c310acfaaa81394e14f44454ad5c9eba4f24a74"
            ],
            "index": "pypi",
            "version": "==2019.11.1"
        },
        "requests": {
            "hashes": [
                "sha256:11e007a8a2aa0323f5a921e9e6a2d7e4e67d9877e85773fba9ba6419025cbeb4",
                "sha256:9cf5292fcd0f598c671cfc1e0d7d1a7f13bb8085e9a590f48c010551dc6c4b31"
            ],
            "version": "==2.22.0"
        },
        "six": {
            "hashes": [
                "sha256:1f1b7d42e254082a9db6279deae68afb421ceba6158efa6131de7b3003ee93fd",
                "sha256:30f610279e8b2578cab6db20741130331735c781b56053c59c4076da27f06b66"
            ],
            "version": "==1.13.0"
        },
        "tika": {
            "hashes": [
                "sha256:a090a0968e7224e12df6d37e2fe4e809397bd87be54778f44621906f3afa1c8a"
            ],
            "index": "pypi",
            "version": "==1.22"
        },
        "urllib3": {
            "hashes": [
                "sha256:a8a318824cc77d1fd4b2bec2ded92646630d7fe8619497b142c84a9e6f5a7293",
                "sha256:f3c5fd51747d450d4dcf6f923c81f78f811aab8205fda64b0aba34a4e48b0745"
            ],
            "version": "==1.25.7"
        },
        "vcversioner": {
            "hashes": [
                "sha256:1b81bd26218944e6c86b03c7a840e058c697f014a03374296dc2f8969d1adf36",
                "sha256:dae60c17a479781f44a4010701833f1829140b1eeccd258762a74974aa06e19b"
            ],
            "version": "==2.16.0.0"
        },
        "werkzeug": {
            "hashes": [
                "sha256:7280924747b5733b246fe23972186c6b348f9ae29724135a6dfc1e53cea433e7",
                "sha256:e5f4a1f98b52b18a93da705a7458e55afb26f32bff83ff5d19189f92462d65c4"
            ],
            "version": "==0.16.0"
        },
        "zope.interface": {
            "hashes": [
                "sha256:048b16ac882a05bc7ef534e8b9f15c9d7a6c190e24e8938a19b7617af4ed854a",
                "sha256:05816cf8e7407cf62f2ec95c0a5d69ec4fa5741d9ccd10db9f21691916a9a098",
                "sha256:065d6a1ac89d35445168813bed45048ed4e67a4cdfc5a68fdb626a770378869f",
                "sha256:14157421f4121a57625002cc4f48ac7521ea238d697c4a4459a884b62132b977",
                "sha256:18dc895945694f397a0be86be760ff664b790f95d8e7752d5bab80284ff9105d",
                "sha256:1962c9f838bd6ae4075d0014f72697510daefc7e1c7e48b2607df0b6e157989c",
                "sha256:1a67408cacd198c7e6274a19920bb4568d56459e659e23c4915528686ac1763a",
                "sha256:21bf781076dd616bd07cf0223f79d61ab4f45176076f90bc2890e18c48195da4",
                "sha256:21c0a5d98650aebb84efa16ce2c8df1a46bdc4fe8a9e33237d0ca0b23f416ead",
                "sha256:23cfeea25d1e42ff3bf4f9a0c31e9d5950aa9e7c4b12f0c4bd086f378f7b7a71",
                "sha256:24b6fce1fb71abf9f4093e3259084efcc0ef479f89356757780685bd2b06ef37",
                "sha256:24f84ce24eb6b5fcdcb38ad9761524f1ae96f7126abb5e597f8a3973d9921409",
                "sha256:25e0ef4a824017809d6d8b0ce4ab3288594ba283e4d4f94d8cfb81d73ed65114",
                "sha256:2e8fdd625e9aba31228e7ddbc36bad5c38dc3ee99a86aa420f89a290bd987ce9",
                "sha256:2f3bc2f49b67b1bea82b942d25bc958d4f4ea6709b411cb2b6b9718adf7914ce",
                "sha256:35d24be9d04d50da3a6f4d61de028c1dd087045385a0ff374d93ef85af61b584",
                "sha256:35dbe4e8c73003dff40dfaeb15902910a4360699375e7b47d3c909a83ff27cd0",
                "sha256:3dfce831b824ab5cf446ed0c350b793ac6fa5fe33b984305cb4c966a86a8fb79",
                "sha256:3f7866365df5a36a7b8de8056cd1c605648f56f9a226d918ed84c85d25e8d55f",
                "sha256:455cc8c01de3bac6f9c223967cea41f4449f58b4c2e724ec8177382ddd183ab4",
                "sha256:4bb937e998be9d5e345f486693e477ba79e4344674484001a0b646be1d530487",
                "sha256:52303a20902ca0888dfb83230ca3ee6fbe63c0ad1dd60aa0bba7958ccff454d8",
                "sha256:6e0a897d4e09859cc80c6a16a29697406ead752292ace17f1805126a4f63c838",
                "sha256:6e1816e7c10966330d77af45f77501f9a68818c065dec0ad11d22b50a0e212e7",
                "sha256:73b5921c5c6ce3358c836461b5470bf675601c96d5e5d8f2a446951470614f67",
                "sha256:8093cd45cdb5f6c8591cfd1af03d32b32965b0f79b94684cd0c9afdf841982bb",
                "sha256:864b4a94b60db301899cf373579fd9ef92edddbf0fb2cd5ae99f53ef423ccc56",
                "sha256:8a27b4d3ea9c6d086ce8e7cdb3e8d319b6752e2a03238a388ccc83ccbe165f50",
                "sha256:91b847969d4784abd855165a2d163f72ac1e58e6dce09a5e46c20e58f19cc96d",
                "sha256:b47b1028be4758c3167e474884ccc079b94835f058984b15c145966c4df64d27",
                "sha256:b68814a322835d8ad671b7acc23a3b2acecba527bb14f4b53fc925f8a27e44d8",
                "sha256:bcb50a032c3b6ec7fb281b3a83d2b31ab5246c5b119588725b1350d3a1d9f6a3",
                "sha256:c56db7d10b25ce8918b6aec6b08ac401842b47e6c136773bfb3b590753f7fb67",
                "sha256:c94b77a13d4f47883e4f97f9fa00f5feadd38af3e6b3c7be45cfdb0a14c7149b",
                "sha256:db381f6fdaef483ad435f778086ccc4890120aff8df2ba5cfeeac24d280b3145",
                "sha256:e6487d01c8b7ed86af30ea141fcc4f93f8a7dde26f94177c1ad637c353bd5c07",
                "sha256:e86923fa728dfba39c5bb6046a450bd4eec8ad949ac404eca728cfce320d1732",
                "sha256:f6ca36dc1e9eeb46d779869c60001b3065fb670b5775c51421c099ea2a77c3c9",
                "sha256:fb62f2cbe790a50d95593fb40e8cca261c31a2f5637455ea39440d6457c2ba25"
            ],
            "version": "==4.7.1"
        }
    },
    "develop": {}
}
